# This file is automatically @generated by Cargo.
# It is not intended for manual editing.
version = 4

[[package]]
name = "kubeweft-agent-core"
version = "0.1.0"
dependencies = [
 "kubeweft-model",
]

[[package]]
name = "kubeweft-agent-linux"
version = "0.1.0"
dependencies = [
 "kubeweft-agent-core",
]

[[package]]
name = "kubeweft-capability"
version = "0.1.0"
dependencies = [
 "kubeweft-model",
]

[[package]]
name = "kubeweft-cli"
version = "0.1.0"

[[package]]
name = "kubeweft-identity"
version = "0.1.0"

[[package]]
name = "kubeweft-model"
version = "0.1.0"

[[package]]
name = "kubeweft-planner"
version = "0.1.0"
dependencies = [
 "kubeweft-model",
]

[[package]]
name = "kubeweft-plugin-sdk"
version = "0.1.0"
dependencies = [
 "kubeweft-model",
]

[[package]]
name = "kubeweft-policy"
version = "0.1.0"
dependencies = [
 "kubeweft-model",
]

[[package]]
name = "kubeweft-protocol"
version = "0.1.0"

[[package]]
name = "kubeweft-scheduler"
version = "0.1.0"
dependencies = [
 "kubeweft-model",
]
